
Microsoft Visual Studio Solution File, Format Version 12.00
# Visual Studio 15
VisualStudioVersion = 15.0.26124.0
MinimumVisualStudioVersion = 15.0.26124.0
Project("{FAE04EC0-301F-11D3-BF4B-00C04F79EFBC}") = "Dapper.Api", "Dapper.Api\Dapper.Api.csproj", "{287348B0-493A-40C0-A1BD-5249A68BEDC5}"
EndProject
Project("{FAE04EC0-301F-11D3-BF4B-00C04F79EFBC}") = "Dapper.Domain", "Dapper.Domain\Dapper.Domain.csproj", "{2A9472B3-93EE-436D-93C7-9F47826026CF}"
EndProject
Project("{FAE04EC0-301F-11D3-BF4B-00C04F79EFBC}") = "Dapper.Infra", "Dapper.Infra\Dapper.Infra.csproj", "{2F3B0F46-5E0B-4A3C-9918-AAB7A4F076FE}"
EndProject
Project("{FAE04EC0-301F-11D3-BF4B-00C04F79EFBC}") = "Dapper.Shared", "Dapper.Shared\Dapper.Shared.csproj", "{8A6FAB9D-3F92-478F-956D-FC782C7ACB5A}"
EndProject
Project("{FAE04EC0-301F-11D3-BF4B-00C04F79EFBC}") = "Dapper.Tests", "Dapper.Tests\Dapper.Tests.csproj", "{8B29C867-84E5-4071-8B57-58A52A03A142}"
EndProject
Global
	GlobalSection(SolutionConfigurationPlatforms) = preSolution
		Debug|Any CPU = Debug|Any CPU
		Debug|x64 = Debug|x64
		Debug|x86 = Debug|x86
		Release|Any CPU = Release|Any CPU
		Release|x64 = Release|x64
		Release|x86 = Release|x86
	EndGlobalSection
	GlobalSection(SolutionProperties) = preSolution
		HideSolutionNode = FALSE
	EndGlobalSection
	GlobalSection(ProjectConfigurationPlatforms) = postSolution
		{287348B0-493A-40C0-A1BD-5249A68BEDC5}.Debug|Any CPU.ActiveCfg = Debug|Any CPU
		{287348B0-493A-40C0-A1BD-5249A68BEDC5}.Debug|Any CPU.Build.0 = Debug|Any CPU
		{287348B0-493A-40C0-A1BD-5249A68BEDC5}.Debug|x64.ActiveCfg = Debug|Any CPU
		{287348B0-493A-40C0-A1BD-5249A68BEDC5}.Debug|x64.Build.0 = Debug|Any CPU
		{287348B0-493A-40C0-A1BD-5249A68BEDC5}.Debug|x86.ActiveCfg = Debug|Any CPU
		{287348B0-493A-40C0-A1BD-5249A68BEDC5}.Debug|x86.Build.0 = Debug|Any CPU
		{287348B0-493A-40C0-A1BD-5249A68BEDC5}.Release|Any CPU.ActiveCfg = Release|Any CPU
		{287348B0-493A-40C0-A1BD-5249A68BEDC5}.Release|Any CPU.Build.0 = Release|Any CPU
		{287348B0-493A-40C0-A1BD-5249A68BEDC5}.Release|x64.ActiveCfg = Release|Any CPU
		{287348B0-493A-40C0-A1BD-5249A68BEDC5}.Release|x64.Build.0 = Release|Any CPU
		{287348B0-493A-40C0-A1BD-5249A68BEDC5}.Release|x86.ActiveCfg = Release|Any CPU
		{287348B0-493A-40C0-A1BD-5249A68BEDC5}.Release|x86.Build.0 = Release|Any CPU
		{2A9472B3-93EE-436D-93C7-9F47826026CF}.Debug|Any CPU.ActiveCfg = Debug|Any CPU
		{2A9472B3-93EE-436D-93C7-9F47826026CF}.Debug|Any CPU.Build.0 = Debug|Any CPU
		{2A9472B3-93EE-436D-93C7-9F47826026CF}.Debug|x64.ActiveCfg = Debug|Any CPU
		{2A9472B3-93EE-436D-93C7-9F47826026CF}.Debug|x64.Build.0 = Debug|Any CPU
		{2A9472B3-93EE-436D-93C7-9F47826026CF}.Debug|x86.ActiveCfg = Debug|Any CPU
		{2A9472B3-93EE-436D-93C7-9F47826026CF}.Debug|x86.Build.0 = Debug|Any CPU
		{2A9472B3-93EE-436D-93C7-9F47826026CF}.Release|Any CPU.ActiveCfg = Release|Any CPU
		{2A9472B3-93EE-436D-93C7-9F47826026CF}.Release|Any CPU.Build.0 = Release|Any CPU
		{2A9472B3-93EE-436D-93C7-9F47826026CF}.Release|x64.ActiveCfg = Release|Any CPU
		{2A9472B3-93EE-436D-93C7-9F47826026CF}.Release|x64.Build.0 = Release|Any CPU
		{2A9472B3-93EE-436D-93C7-9F47826026CF}.Release|x86.ActiveCfg = Release|Any CPU
		{2A9472B3-93EE-436D-93C7-9F47826026CF}.Release|x86.Build.0 = Release|Any CPU
		{2F3B0F46-5E0B-4A3C-9918-AAB7A4F076FE}.Debug|Any CPU.ActiveCfg = Debug|Any CPU
		{2F3B0F46-5E0B-4A3C-9918-AAB7A4F076FE}.Debug|Any CPU.Build.0 = Debug|Any CPU
		{2F3B0F46-5E0B-4A3C-9918-AAB7A4F076FE}.Debug|x64.ActiveCfg = Debug|Any CPU
		{2F3B0F46-5E0B-4A3C-9918-AAB7A4F076FE}.Debug|x64.Build.0 = Debug|Any CPU
		{2F3B0F46-5E0B-4A3C-9918-AAB7A4F076FE}.Debug|x86.ActiveCfg = Debug|Any CPU
		{2F3B0F46-5E0B-4A3C-9918-AAB7A4F076FE}.Debug|x86.Build.0 = Debug|Any CPU
		{2F3B0F46-5E0B-4A3C-9918-AAB7A4F076FE}.Release|Any CPU.ActiveCfg = Release|Any CPU
		{2F3B0F46-5E0B-4A3C-9918-AAB7A4F076FE}.Release|Any CPU.Build.0 = Release|Any CPU
		{2F3B0F46-5E0B-4A3C-9918-AAB7A4F076FE}.Release|x64.ActiveCfg = Release|Any CPU
		{2F3B0F46-5E0B-4A3C-9918-AAB7A4F076FE}.Release|x64.Build.0 = Release|Any CPU
		{2F3B0F46-5E0B-4A3C-9918-AAB7A4F076FE}.Release|x86.ActiveCfg = Release|Any CPU
		{2F3B0F46-5E0B-4A3C-9918-AAB7A4F076FE}.Release|x86.Build.0 = Release|Any CPU
		{8A6FAB9D-3F92-478F-956D-FC782C7ACB5A}.Debug|Any CPU.ActiveCfg = Debug|Any CPU
		{8A6FAB9D-3F92-478F-956D-FC782C7ACB5A}.Debug|Any CPU.Build.0 = Debug|Any CPU
		{8A6FAB9D-3F92-478F-956D-FC782C7ACB5A}.Debug|x64.ActiveCfg = Debug|Any CPU
		{8A6FAB9D-3F92-478F-956D-FC782C7ACB5A}.Debug|x64.Build.0 = Debug|Any CPU
		{8A6FAB9D-3F92-478F-956D-FC782C7ACB5A}.Debug|x86.ActiveCfg = Debug|Any CPU
		{8A6FAB9D-3F92-478F-956D-FC782C7ACB5A}.Debug|x86.Build.0 = Debug|Any CPU
		{8A6FAB9D-3F92-478F-956D-FC782C7ACB5A}.Release|Any CPU.ActiveCfg = Release|Any CPU
		{8A6FAB9D-3F92-478F-956D-FC782C7ACB5A}.Release|Any CPU.Build.0 = Release|Any CPU
		{8A6FAB9D-3F92-478F-956D-FC782C7ACB5A}.Release|x64.ActiveCfg = Release|Any CPU
		{8A6FAB9D-3F92-478F-956D-FC782C7ACB5A}.Release|x64.Build.0 = Release|Any CPU
		{8A6FAB9D-3F92-478F-956D-FC782C7ACB5A}.Release|x86.ActiveCfg = Release|Any CPU
		{8A6FAB9D-3F92-478F-956D-FC782C7ACB5A}.Release|x86.Build.0 = Release|Any CPU
		{8B29C867-84E5-4071-8B57-58A52A03A142}.Debug|Any CPU.ActiveCfg = Debug|Any CPU
		{8B29C867-84E5-4071-8B57-58A52A03A142}.Debug|Any CPU.Build.0 = Debug|Any CPU
		{8B29C867-84E5-4071-8B57-58A52A03A142}.Debug|x64.ActiveCfg = Debug|Any CPU
		{8B29C867-84E5-4071-8B57-58A52A03A142}.Debug|x64.Build.0 = Debug|Any CPU
		{8B29C867-84E5-4071-8B57-58A52A03A142}.Debug|x86.ActiveCfg = Debug|Any CPU
		{8B29C867-84E5-4071-8B57-58A52A03A142}.Debug|x86.Build.0 = Debug|Any CPU
		{8B29C867-84E5-4071-8B57-58A52A03A142}.Release|Any CPU.ActiveCfg = Release|Any CPU
		{8B29C867-84E5-4071-8B57-58A52A03A142}.Release|Any CPU.Build.0 = Release|Any CPU
		{8B29C867-84E5-4071-8B57-58A52A03A142}.Release|x64.ActiveCfg = Release|Any CPU
		{8B29C867-84E5-4071-8B57-58A52A03A142}.Release|x64.Build.0 = Release|Any CPU
		{8B29C867-84E5-4071-8B57-58A52A03A142}.Release|x86.ActiveCfg = Release|Any CPU
		{8B29C867-84E5-4071-8B57-58A52A03A142}.Release|x86.Build.0 = Release|Any CPU
	EndGlobalSection
EndGlobal
